{
  "version": 4,
  "terraform_version": "1.10.1",
  "serial": 18,
  "lineage": "a87f34fc-7715-85c4-792e-7ac3a2914846",
  "outputs": {
    "nameservers": {
      "value": [
        "ns-1080.awsdns-07.org",
        "ns-1981.awsdns-55.co.uk",
        "ns-64.awsdns-08.com",
        "ns-882.awsdns-46.net"
      ],
      "type": [
        "list",
        "string"
      ]
    },
    "prod_cloudfront_url": {
      "value": "d1d1rxmueo6gv7.cloudfront.net",
      "type": "string"
    }
  },
  "resources": [
    {
      "mode": "data",
      "type": "aws_iam_policy_document",
      "name": "sns_topic_policy",
      "provider": "provider[\"registry.terraform.io/hashicorp/aws\"]",
      "instances": [
        {
          "schema_version": 0,
          "attributes": {
            "id": "3436226689",
            "json": "{\n  \"Version\": \"2012-10-17\",\n  \"Statement\": [\n    {\n      \"Sid\": \"Allow CloudwatchEvents\",\n      \"Effect\": \"Allow\",\n      \"Action\": \"sns:Publish\",\n      \"Resource\": \"arn:aws:sns:us-east-1:585008089082:cloudwatch-metric-alarms\",\n      \"Principal\": {\n        \"AWS\": \"*\"\n      }\n    }\n  ]\n}",
            "minified_json": "{\"Version\":\"2012-10-17\",\"Statement\":[{\"Sid\":\"Allow CloudwatchEvents\",\"Effect\":\"Allow\",\"Action\":\"sns:Publish\",\"Resource\":\"arn:aws:sns:us-east-1:585008089082:cloudwatch-metric-alarms\",\"Principal\":{\"AWS\":\"*\"}}]}",
            "override_json": null,
            "override_policy_documents": null,
            "policy_id": null,
            "source_json": null,
            "source_policy_documents": null,
            "statement": [
              {
                "actions": [
                  "sns:Publish"
                ],
                "condition": [],
                "effect": "Allow",
                "not_actions": [],
                "not_principals": [],
                "not_resources": [],
                "principals": [
                  {
                    "identifiers": [
                      "*"
                    ],
                    "type": "AWS"
                  }
                ],
                "resources": [
                  "arn:aws:sns:us-east-1:585008089082:cloudwatch-metric-alarms"
                ],
                "sid": "Allow CloudwatchEvents"
              }
            ],
            "version": "2012-10-17"
          },
          "sensitive_attributes": []
        }
      ]
    },
    {
      "mode": "managed",
      "type": "aws_acm_certificate",
      "name": "milan_excavating_com_prod",
      "provider": "provider[\"registry.terraform.io/hashicorp/aws\"]",
      "instances": [
        {
          "schema_version": 0,
          "attributes": {
            "arn": "arn:aws:acm:us-east-1:585008089082:certificate/f86dafc3-dff7-4978-8dae-ce054e7d9963",
            "certificate_authority_arn": "",
            "certificate_body": "-----BEGIN CERTIFICATE-----\nMIIGRjCCBS6gAwIBAgIRAJm+EPbC9Oy185mT2AwdPycwDQYJKoZIhvcNAQELBQAw\ngY8xCzAJBgNVBAYTAkdCMRswGQYDVQQIExJHcmVhdGVyIE1hbmNoZXN0ZXIxEDAO\nBgNVBAcTB1NhbGZvcmQxGDAWBgNVBAoTD1NlY3RpZ28gTGltaXRlZDE3MDUGA1UE\nAxMuU2VjdGlnbyBSU0EgRG9tYWluIFZhbGlkYXRpb24gU2VjdXJlIFNlcnZlciBD\nQTAeFw0yNDEyMjkwMDAwMDBaFw0yNTEyMjkyMzU5NTlaMB4xHDAaBgNVBAMTE21p\nbGFuZXhjYXZhdGluZy5jb20wggEiMA0GCSqGSIb3DQEBAQUAA4IBDwAwggEKAoIB\nAQDO5Wepnq/gkYoea327VBQQ98eHDgZCQtpqqwoETw4+IVgwXWHPErnmR3uzCeGH\nXvWZfZwmTortS5c/0uQoafen5RCvH0/PWRGmSuPFWfNo2d4cD6hEZJho8hg/DFWr\nRJEhsHt4XD9juwfJtO5pRuKNinlfS7bk4WqH8EYC8NwjROPKU6xBFP4YchQGBPGu\nsq1CS0c0/7/CCnkg0jPkI5+NfuCOLrvpKzUQ6QEnmIZwQ/jM7rMs4EF5wCXuXtwU\nKAZ7LoF2zwKmuxJ2g8MWNR2hVZ1nMXI/WgMSkAU9JtS4wdeePwhB2UHNLMZ+LFt0\n+Uqp71xgsQZm36pe1CFkdRDNAgMBAAGjggMLMIIDBzAfBgNVHSMEGDAWgBSNjF7E\nVK2K4Xfpm/mbBeG4AY1h4TAdBgNVHQ4EFgQUzDLbIFK4Gn5SR26TBTRxT4xmrUIw\nDgYDVR0PAQH/BAQDAgWgMAwGA1UdEwEB/wQCMAAwHQYDVR0lBBYwFAYIKwYBBQUH\nAwEGCCsGAQUFBwMCMEkGA1UdIARCMEAwNAYLKwYBBAGyMQECAgcwJTAjBggrBgEF\nBQcCARYXaHR0cHM6Ly9zZWN0aWdvLmNvbS9DUFMwCAYGZ4EMAQIBMIGEBggrBgEF\nBQcBAQR4MHYwTwYIKwYBBQUHMAKGQ2h0dHA6Ly9jcnQuc2VjdGlnby5jb20vU2Vj\ndGlnb1JTQURvbWFpblZhbGlkYXRpb25TZWN1cmVTZXJ2ZXJDQS5jcnQwIwYIKwYB\nBQUHMAGGF2h0dHA6Ly9vY3NwLnNlY3RpZ28uY29tMDcGA1UdEQQwMC6CE21pbGFu\nZXhjYXZhdGluZy5jb22CF3d3dy5taWxhbmV4Y2F2YXRpbmcuY29tMIIBewYKKwYB\nBAHWeQIEAgSCAWsEggFnAWUAdQDd3Mo0ldfhFgXnlTL6x5/4PRxQ39sAOhQSdgos\nrLvIKgAAAZQUce7cAAAEAwBGMEQCICd8yjYZ1i9y0nd74zGep9KHvR5RX2J4x7E5\nNCJYeF5KAiArOPPG+0P9C1A9eww16rydpQGSGBVnmWx3wyqjiNhrIAB1AMz7D2qF\ncQll/pWbU87psnwi6YVcDZeNtql+VMD+TA2wAAABlBRx7p4AAAQDAEYwRAIgMCZk\n8jPnlprRT9opheB5ubjZWtStW7VHrdJu0SwUMt0CIHyvuqhZl+1a+ztltjnqaZ/j\n5PBOMvQTLUlHwnq0hWOlAHUAEvFONL1TckyEBhnDjz96E/jntWKHiJxtMAWE6+WG\nJjoAAAGUFHHudwAABAMARjBEAiAFuOeE5Kh7KluBlRhrNCxSU/GRGignGkDt0b4F\ndAxjeAIgD5JYZhMrLtT0iPpgj6DScRRWrNRks6XH82w5Aq/u0PUwDQYJKoZIhvcN\nAQELBQADggEBAIUdjKTV4GmVfgpKPJTQJrPy8W0e2BRWCjZ+UPoZ6sknhj2ksLxi\nu/e56UtKvI3V8qpVxWWbZ7b9tIF/SD33uz01qvm38gN1S2or7bxGksxYIpDHXISb\nZDde30Q88aZvOxYRzXvrsaOFGG63Yql4uD8X4PC5rq8kz/MqYTiPTVCTw3AQBohn\nEEGojhENPVG4DmDRjpHH7Br4htLEA+p+wocKPISkdVN4JLnlHDP/joAvShPV0FlT\nEAX+nbWrzv3yvUdluD/IBH1OAo1/PtBkYyegG63pOMdCc2TeCKRS6XAM8qgAa+/J\nOjHWVI/h4aQz/rwI4LxeDqs1X2T6l7cA7fc=\n-----END CERTIFICATE-----",
            "certificate_chain": "-----BEGIN CERTIFICATE-----\nMIIGEzCCA/ugAwIBAgIQfVtRJrR2uhHbdBYLvFMNpzANBgkqhkiG9w0BAQwFADCB\niDELMAkGA1UEBhMCVVMxEzARBgNVBAgTCk5ldyBKZXJzZXkxFDASBgNVBAcTC0pl\ncnNleSBDaXR5MR4wHAYDVQQKExVUaGUgVVNFUlRSVVNUIE5ldHdvcmsxLjAsBgNV\nBAMTJVVTRVJUcnVzdCBSU0EgQ2VydGlmaWNhdGlvbiBBdXRob3JpdHkwHhcNMTgx\nMTAyMDAwMDAwWhcNMzAxMjMxMjM1OTU5WjCBjzELMAkGA1UEBhMCR0IxGzAZBgNV\nBAgTEkdyZWF0ZXIgTWFuY2hlc3RlcjEQMA4GA1UEBxMHU2FsZm9yZDEYMBYGA1UE\nChMPU2VjdGlnbyBMaW1pdGVkMTcwNQYDVQQDEy5TZWN0aWdvIFJTQSBEb21haW4g\nVmFsaWRhdGlvbiBTZWN1cmUgU2VydmVyIENBMIIBIjANBgkqhkiG9w0BAQEFAAOC\nAQ8AMIIBCgKCAQEA1nMz1tc8INAA0hdFuNY+B6I/x0HuMjDJsGz99J/LEpgPLT+N\nTQEMgg8Xf2Iu6bhIefsWg06t1zIlk7cHv7lQP6lMw0Aq6Tn/2YHKHxYyQdqAJrkj\neocgHuP/IJo8lURvh3UGkEC0MpMWCRAIIz7S3YcPb11RFGoKacVPAXJpz9OTTG0E\noKMbgn6xmrntxZ7FN3ifmgg0+1YuWMQJDgZkW7w33PGfKGioVrCSo1yfu4iYCBsk\nHaswha6vsC6eep3BwEIc4gLw6uBK0u+QDrTBQBbwb4VCSmT3pDCg/r8uoydajotY\nuK3DGReEY+1vVv2Dy2A0xHS+5p3b4eTlygxfFQIDAQABo4IBbjCCAWowHwYDVR0j\nBBgwFoAUU3m/WqorSs9UgOHYm8Cd8rIDZsswHQYDVR0OBBYEFI2MXsRUrYrhd+mb\n+ZsF4bgBjWHhMA4GA1UdDwEB/wQEAwIBhjASBgNVHRMBAf8ECDAGAQH/AgEAMB0G\nA1UdJQQWMBQGCCsGAQUFBwMBBggrBgEFBQcDAjAbBgNVHSAEFDASMAYGBFUdIAAw\nCAYGZ4EMAQIBMFAGA1UdHwRJMEcwRaBDoEGGP2h0dHA6Ly9jcmwudXNlcnRydXN0\nLmNvbS9VU0VSVHJ1c3RSU0FDZXJ0aWZpY2F0aW9uQXV0aG9yaXR5LmNybDB2Bggr\nBgEFBQcBAQRqMGgwPwYIKwYBBQUHMAKGM2h0dHA6Ly9jcnQudXNlcnRydXN0LmNv\nbS9VU0VSVHJ1c3RSU0FBZGRUcnVzdENBLmNydDAlBggrBgEFBQcwAYYZaHR0cDov\nL29jc3AudXNlcnRydXN0LmNvbTANBgkqhkiG9w0BAQwFAAOCAgEAMr9hvQ5Iw0/H\nukdN+Jx4GQHcEx2Ab/zDcLRSmjEzmldS+zGea6TvVKqJjUAXaPgREHzSyrHxVYbH\n7rM2kYb2OVG/Rr8PoLq0935JxCo2F57kaDl6r5ROVm+yezu/Coa9zcV3HAO4OLGi\nH19+24rcRki2aArPsrW04jTkZ6k4Zgle0rj8nSg6F0AnwnJOKf0hPHzPE/uWLMUx\nRP0T7dWbqWlod3zu4f+k+TY4CFM5ooQ0nBnzvg6s1SQ36yOoeNDT5++SR2RiOSLv\nxvcRviKFxmZEJCaOEDKNyJOuB56DPi/Z+fVGjmO+wea03KbNIaiGCpXZLoUmGv38\nsbZXQm2V0TP2ORQGgkE49Y9Y3IBbpNV9lXj9p5v//cWoaasm56ekBYdbqbe4oyAL\nl6lFhd2zi+WJN44pDfwGF/Y4QA5C5BIG+3vzxhFoYt/jmPQT2BVPi7Fp2RBgvGQq\n6jG35LWjOhSbJuMLe/0CjraZwTiXWTb2qHSihrZe68Zk6s+go/lunrotEbaGmAhY\nLcmsJWTyXnW0OMGuf1pGg+pRyrbxmRE1a6Vqe8YAsOf4vmSyrcjC8azjUeqkk+B5\nyOGBQMkKW+ESPMFgKuOXwIlCypTPRpgSabuY0MLTDXJLR27lk8QyKGOHQ+SwMj4K\n00u/I5sUKUErmgQfky3xxzlIPK1aEn8=\n-----END CERTIFICATE-----\r\n-----BEGIN CERTIFICATE-----\nMIIFgTCCBGmgAwIBAgIQOXJEOvkit1HX02wQ3TE1lTANBgkqhkiG9w0BAQwFADB7\nMQswCQYDVQQGEwJHQjEbMBkGA1UECAwSR3JlYXRlciBNYW5jaGVzdGVyMRAwDgYD\nVQQHDAdTYWxmb3JkMRowGAYDVQQKDBFDb21vZG8gQ0EgTGltaXRlZDEhMB8GA1UE\nAwwYQUFBIENlcnRpZmljYXRlIFNlcnZpY2VzMB4XDTE5MDMxMjAwMDAwMFoXDTI4\nMTIzMTIzNTk1OVowgYgxCzAJBgNVBAYTAlVTMRMwEQYDVQQIEwpOZXcgSmVyc2V5\nMRQwEgYDVQQHEwtKZXJzZXkgQ2l0eTEeMBwGA1UEChMVVGhlIFVTRVJUUlVTVCBO\nZXR3b3JrMS4wLAYDVQQDEyVVU0VSVHJ1c3QgUlNBIENlcnRpZmljYXRpb24gQXV0\naG9yaXR5MIICIjANBgkqhkiG9w0BAQEFAAOCAg8AMIICCgKCAgEAgBJlFzYOw9sI\ns9CsVw127c0n00ytUINh4qogTQktZAnczomfzD2p7PbPwdzx07HWezcoEStH2jnG\nvDoZtF+mvX2do2NCtnbyqTsrkfjib9DsFiCQCT7i6HTJGLSR1GJk23+jBvGIGGqQ\nIjy8/hPwhxR79uQfjtTkUcYRZ0YIUcuGFFQ/vDP+fmyc/xadGL1RjjWmp2bIcmfb\nIWax1Jt4A8BQOujM8Ny8nkz+rwWWNR9XWrf/zvk9tyy29lTdyOcSOk2uTIq3XJq0\ntyA9yn8iNK5+O2hmAUTnAU5GU5szYPeUvlM3kHND8zLDU+/bqv50TmnHa4xgk97E\nxwzf4TKuzJM7UXiVZ4vuPVb+DNBpDxsP8yUmazNt925H+nND5X4OpWaxKXwyhGNV\nicQNwZNUMBkTrNN9N6frXTpsNVzbQdcS2qlJC9/YgIoJk2KOtWbPJYjNhLixP6Q5\nD9kCnusSTJV882sFqV4Wg8y4Z+LoE53MW4LTTLPtW//e5XOsIzstAL81VXQJSdhJ\nWBp/kjbmUZIO8yZ9HE0XvMnsQybQv0FfQKlERPSZ51eHnlAfV1SoPv10Yy+xUGUJ\n5lhCLkMaTLTwJUdZ+gQek9QmRkpQgbLevni3/GcV4clXhB4PY9bpYrrWX1Uu6lzG\nKAgEJTm4Diup8kyXHAc/DVL17e8vgg8CAwEAAaOB8jCB7zAfBgNVHSMEGDAWgBSg\nEQojPpbxB+zirynvgqV/0DCktDAdBgNVHQ4EFgQUU3m/WqorSs9UgOHYm8Cd8rID\nZsswDgYDVR0PAQH/BAQDAgGGMA8GA1UdEwEB/wQFMAMBAf8wEQYDVR0gBAowCDAG\nBgRVHSAAMEMGA1UdHwQ8MDowOKA2oDSGMmh0dHA6Ly9jcmwuY29tb2RvY2EuY29t\nL0FBQUNlcnRpZmljYXRlU2VydmljZXMuY3JsMDQGCCsGAQUFBwEBBCgwJjAkBggr\nBgEFBQcwAYYYaHR0cDovL29jc3AuY29tb2RvY2EuY29tMA0GCSqGSIb3DQEBDAUA\nA4IBAQAYh1HcdCE9nIrgJ7cz0C7M7PDmy14R3iJvm3WOnnL+5Nb+qh+cli3vA0p+\nrvSNb3I8QzvAP+u431yqqcau8vzY7qN7Q/aGNnwU4M309z/+3ri0ivCRlv79Q2R+\n/czSAaF9ffgZGclCKxO/WIu6pKJmBHaIkU4MiRTOok3JMrO66BQavHHxW/BBC5gA\nCiIDEOUMsfnNkjcZ7Tvx5Dq2+UUTJnWvu6rvP3t3O9LEApE9GQDTF1w52z97GA1F\nzZOFli9d31kWTz9RvdVFGD/tSo7oBmF0Ixa1DVBzJ0RHfxBdiSprhTEUxOipakyA\nvGp4z7h/jnZymQyd/teRCBaho1+V\n-----END CERTIFICATE-----\r\n-----BEGIN CERTIFICATE-----\nMIIEMjCCAxqgAwIBAgIBATANBgkqhkiG9w0BAQUFADB7MQswCQYDVQQGEwJHQjEb\nMBkGA1UECAwSR3JlYXRlciBNYW5jaGVzdGVyMRAwDgYDVQQHDAdTYWxmb3JkMRow\nGAYDVQQKDBFDb21vZG8gQ0EgTGltaXRlZDEhMB8GA1UEAwwYQUFBIENlcnRpZmlj\nYXRlIFNlcnZpY2VzMB4XDTA0MDEwMTAwMDAwMFoXDTI4MTIzMTIzNTk1OVowezEL\nMAkGA1UEBhMCR0IxGzAZBgNVBAgMEkdyZWF0ZXIgTWFuY2hlc3RlcjEQMA4GA1UE\nBwwHU2FsZm9yZDEaMBgGA1UECgwRQ29tb2RvIENBIExpbWl0ZWQxITAfBgNVBAMM\nGEFBQSBDZXJ0aWZpY2F0ZSBTZXJ2aWNlczCCASIwDQYJKoZIhvcNAQEBBQADggEP\nADCCAQoCggEBAL5AnfRu4ep2hxxNRUSOvkbIgwadwSr+GB+O5AL686tdUIoWMQua\nBtDFcCLNSS1UY8y2bmhGC1Pqy0wkwLxyTurxFa70VJoSCsN6sjNg4tqJVfMiWPPe\n3M/vg4aijJRPn2jymJBGhCfHdr/jzDUsi14HZGWCwEiwqJH5YZ92IFCokcdmtet4\nYgNW8IoaE+oxox6gmf049vYnMlhvB/VruPsUK6+3qszWY19zjNoFmag4qMsXeDZR\nrOme9Hg6jc8P2ULimAyrL58OAd7vn5lJ8S3frHRNG5i1R8XlKdH5kBjHYpy+g8cm\nez6KJcfA3Z3mNWgQIJ2P2N7Sw4ScDV7oL8kCAwEAAaOBwDCBvTAdBgNVHQ4EFgQU\noBEKIz6W8Qfs4q8p74Klf9AwpLQwDgYDVR0PAQH/BAQDAgEGMA8GA1UdEwEB/wQF\nMAMBAf8wewYDVR0fBHQwcjA4oDagNIYyaHR0cDovL2NybC5jb21vZG9jYS5jb20v\nQUFBQ2VydGlmaWNhdGVTZXJ2aWNlcy5jcmwwNqA0oDKGMGh0dHA6Ly9jcmwuY29t\nb2RvLm5ldC9BQUFDZXJ0aWZpY2F0ZVNlcnZpY2VzLmNybDANBgkqhkiG9w0BAQUF\nAAOCAQEACFb8AvCb6P+k+tZ7xkSAzk/ExfYAWMymtrwUSWgEdujm7l3sAg9g1o1Q\nGE8mTgHj5rCl7r+8dFRBv/38ErjHT1r0iWAFf2C3BUrz9vHCv8S5dIa2LX1rzNLz\nRt0vxuBqw8M0Ayx9lt1awg6nCpnBBYurDC/zXDrPbDdVCYfeU0BsWO/8tqtlbgT2\nG9w84FoVxp7Z8VlIMCFlA2zs6SFz7JsDoeA3raAVGI/6ugLOpyypEBMs1OUIJqsi\nl2D4kF501KKaU73yqWjgom7C12yxow+ev+to51byrvLjKzg6CYG1a4XXvi3tPxq3\nsmPi9WIsgtRqAEFQ8TmDn5XpNpaYbg==\n-----END CERTIFICATE-----\r\n",
            "domain_name": "milanexcavating.com",
            "domain_validation_options": [],
            "early_renewal_duration": "",
            "id": "arn:aws:acm:us-east-1:585008089082:certificate/f86dafc3-dff7-4978-8dae-ce054e7d9963",
            "key_algorithm": "RSA_2048",
            "not_after": "2025-12-29T23:59:59Z",
            "not_before": "2024-12-29T00:00:00Z",
            "options": [
              {
                "certificate_transparency_logging_preference": "DISABLED"
              }
            ],
            "pending_renewal": false,
            "private_key": "-----BEGIN PRIVATE KEY-----\nMIIEvAIBADANBgkqhkiG9w0BAQEFAASCBKYwggSiAgEAAoIBAQDO5Wepnq/gkYoe\na327VBQQ98eHDgZCQtpqqwoETw4+IVgwXWHPErnmR3uzCeGHXvWZfZwmTortS5c/\n0uQoafen5RCvH0/PWRGmSuPFWfNo2d4cD6hEZJho8hg/DFWrRJEhsHt4XD9juwfJ\ntO5pRuKNinlfS7bk4WqH8EYC8NwjROPKU6xBFP4YchQGBPGusq1CS0c0/7/CCnkg\n0jPkI5+NfuCOLrvpKzUQ6QEnmIZwQ/jM7rMs4EF5wCXuXtwUKAZ7LoF2zwKmuxJ2\ng8MWNR2hVZ1nMXI/WgMSkAU9JtS4wdeePwhB2UHNLMZ+LFt0+Uqp71xgsQZm36pe\n1CFkdRDNAgMBAAECggEADAuYEux9sdXXVDkO22KkPm6mi6rZ226396DYlvKhUiWv\n1DUDlkIxV4JO5dgL7M0vAE4rUqGc/f66Igmdpeqxc/FmnMN2aox1dhiDFUDM5oxU\nnY6dzcmLhASgO790l2GJD4yOS64XNK+1Xt1tSezKENKAiXdHgSDMiniHIvGx502n\nGlZo44vqn2ICh18SLV2VzNO/yc+lww/GFHNKSyg3q1IxuDBtHalt9US+beBNwrdH\nZCjpimztEjFSH36vs1hlXeH7ChdcRkukT61xxyqEDWHwelBRMRyBTp7+mJ5H6RQJ\nk0bk4lFQB9JWw1JoNCfxdKcldX4a1SuHuPaye61JsQKBgQD0qqW/K4Rjb35LY52j\nL4i2S/sCsN210KJ7KKvk54ZthjLVm4YgFvk6wDlIAZLWub6Y9N+WUOIqq85Sf/O9\nBpBG2OYf7a4TUy4ZONHrVi/y3uSIrlvgoa8GH4DXjfwMDbrpljbIWM5VTKjhZwdh\nlmwHxhi5Vof8MSiIvRr+x7+dhQKBgQDYetw9Zkr7Y/hRjJdPRcfCqu3mJLHrKoBf\nG4RtFRHAKofsDv8Sxi6mB+ibN1m/NeXQ3oNoc9SGLH0GvNTZeUX6ucaxLBvHDx6h\nDpxO770GiQJZtkPOG0okbR4xbxmSdwg6VJ94bGanDMkY8aCHgIrOCb14Bct87GPX\nKC+6joAEqQKBgBtIXCsxIxYjfKXTeeSUjF4notnt9wsrNLMfGevwlWDpMgn3ycES\nTsBqZvjMlB81nzdXNweABXhUqDEy628MqFH+JcsxqdOl1uIhH+dqOPaQPFOxfbVS\n0j2QjcF7p7uAXHNnuLwmivugDMT1xDDxoSJMyL0CFS/eG3MEA1qd05QxAoGAMM0R\nlS3YPW+97PRar941OCc8ViNzkGYWZlpXsheL1tw/o/GFgv/2SCuEPmlt6/MEid9/\nlC54fH7O+JPdD+GM6waySgJ9iJRZ/UjD5++Xlz+PrhWul2oDfs6yfcZj52a6DhxB\nju4w/fud4eemnqVVpTkA42u7AcBwiXJfwBibt3ECgYBKLoH32N9PupoV/yeyWJUm\no81xIxt9cn2O+U7ftGaDt7CgNZPUI+N6QTNu5QDJd2HuQLwtMgivO2SGTUpXM1w9\n25P6j117VzI2Gh2EG7gbGqCcb1adgk+bAenxr3F0x+M0sh0767comOW7aKXOXENz\nmdTFhvM6n/gsoYf+IQ+vXA==\n-----END PRIVATE KEY-----\n",
            "renewal_eligibility": "INELIGIBLE",
            "renewal_summary": [],
            "status": "ISSUED",
            "subject_alternative_names": [
              "milanexcavating.com",
              "www.milanexcavating.com"
            ],
            "tags": null,
            "tags_all": {},
            "type": "IMPORTED",
            "validation_emails": [],
            "validation_method": "NONE",
            "validation_option": []
          },
          "sensitive_attributes": [
            [
              {
                "type": "get_attr",
                "value": "private_key"
              }
            ]
          ],
          "private": "bnVsbA=="
        }
      ]
    },
    {
      "mode": "managed",
      "type": "aws_cloudfront_distribution",
      "name": "milan_excavating_com_prod",
      "provider": "provider[\"registry.terraform.io/hashicorp/aws\"]",
      "instances": [
        {
          "schema_version": 1,
          "attributes": {
            "aliases": [
              "milanexcavating.com",
              "www.milanexcavating.com"
            ],
            "arn": "arn:aws:cloudfront::585008089082:distribution/ESCL5DDDPNVFP",
            "caller_reference": "terraform-20241229222526331400000002",
            "comment": null,
            "continuous_deployment_policy_id": "",
            "custom_error_response": [],
            "default_cache_behavior": [
              {
                "allowed_methods": [
                  "DELETE",
                  "GET",
                  "HEAD",
                  "OPTIONS",
                  "PATCH",
                  "POST",
                  "PUT"
                ],
                "cache_policy_id": "",
                "cached_methods": [
                  "GET",
                  "HEAD"
                ],
                "compress": false,
                "default_ttl": 3600,
                "field_level_encryption_id": "",
                "forwarded_values": [
                  {
                    "cookies": [
                      {
                        "forward": "all",
                        "whitelisted_names": []
                      }
                    ],
                    "headers": [],
                    "query_string": true,
                    "query_string_cache_keys": []
                  }
                ],
                "function_association": [],
                "lambda_function_association": [],
                "max_ttl": 86400,
                "min_ttl": 0,
                "origin_request_policy_id": "",
                "realtime_log_config_arn": "",
                "response_headers_policy_id": "",
                "smooth_streaming": false,
                "target_origin_id": "milan-excavting-com-prod-origin",
                "trusted_key_groups": [],
                "trusted_signers": [],
                "viewer_protocol_policy": "redirect-to-https"
              }
            ],
            "default_root_object": "",
            "domain_name": "d1d1rxmueo6gv7.cloudfront.net",
            "enabled": true,
            "etag": "E2TF6RX146LKMS",
            "hosted_zone_id": "Z2FDTNDATAQYW2",
            "http_version": "http2",
            "id": "ESCL5DDDPNVFP",
            "in_progress_validation_batches": 0,
            "is_ipv6_enabled": false,
            "last_modified_time": "2024-12-29 22:25:27.848 +0000 UTC",
            "logging_config": [],
            "ordered_cache_behavior": [],
            "origin": [
              {
                "connection_attempts": 3,
                "connection_timeout": 10,
                "custom_header": [],
                "custom_origin_config": [
                  {
                    "http_port": 80,
                    "https_port": 443,
                    "origin_keepalive_timeout": 5,
                    "origin_protocol_policy": "http-only",
                    "origin_read_timeout": 30,
                    "origin_ssl_protocols": [
                      "TLSv1.2"
                    ]
                  }
                ],
                "domain_name": "milan-excavting-com-prod.s3-website-us-east-1.amazonaws.com",
                "origin_access_control_id": "",
                "origin_id": "milan-excavting-com-prod-origin",
                "origin_path": "",
                "origin_shield": [],
                "s3_origin_config": [],
                "vpc_origin_config": []
              }
            ],
            "origin_group": [],
            "price_class": "PriceClass_200",
            "restrictions": [
              {
                "geo_restriction": [
                  {
                    "locations": [],
                    "restriction_type": "none"
                  }
                ]
              }
            ],
            "retain_on_delete": false,
            "staging": false,
            "status": "Deployed",
            "tags": {
              "Environment": "prod"
            },
            "tags_all": {
              "Environment": "prod"
            },
            "trusted_key_groups": [
              {
                "enabled": false,
                "items": []
              }
            ],
            "trusted_signers": [
              {
                "enabled": false,
                "items": []
              }
            ],
            "viewer_certificate": [
              {
                "acm_certificate_arn": "arn:aws:acm:us-east-1:585008089082:certificate/f86dafc3-dff7-4978-8dae-ce054e7d9963",
                "cloudfront_default_certificate": false,
                "iam_certificate_id": "",
                "minimum_protocol_version": "TLSv1",
                "ssl_support_method": "sni-only"
              }
            ],
            "wait_for_deployment": true,
            "web_acl_id": ""
          },
          "sensitive_attributes": [],
          "private": "eyJzY2hlbWFfdmVyc2lvbiI6IjEifQ==",
          "dependencies": [
            "aws_acm_certificate.milan_excavating_com_prod"
          ]
        }
      ]
    },
    {
      "mode": "managed",
      "type": "aws_route53_record",
      "name": "milan_excavating_com_prod",
      "provider": "provider[\"registry.terraform.io/hashicorp/aws\"]",
      "instances": [
        {
          "schema_version": 2,
          "attributes": {
            "alias": [
              {
                "evaluate_target_health": true,
                "name": "d1d1rxmueo6gv7.cloudfront.net",
                "zone_id": "Z2FDTNDATAQYW2"
              }
            ],
            "allow_overwrite": null,
            "cidr_routing_policy": [],
            "failover_routing_policy": [],
            "fqdn": "milanexcavating.com",
            "geolocation_routing_policy": [],
            "geoproximity_routing_policy": [],
            "health_check_id": "",
            "id": "Z00467033LBPEJ7HVB4GF_milanexcavating.com_A",
            "latency_routing_policy": [],
            "multivalue_answer_routing_policy": false,
            "name": "milanexcavating.com",
            "records": null,
            "set_identifier": "",
            "ttl": 0,
            "type": "A",
            "weighted_routing_policy": [],
            "zone_id": "Z00467033LBPEJ7HVB4GF"
          },
          "sensitive_attributes": [],
          "private": "eyJzY2hlbWFfdmVyc2lvbiI6IjIifQ==",
          "dependencies": [
            "aws_acm_certificate.milan_excavating_com_prod",
            "aws_cloudfront_distribution.milan_excavating_com_prod",
            "aws_route53_zone.milan_excavating_com_prod"
          ]
        }
      ]
    },
    {
      "mode": "managed",
      "type": "aws_route53_record",
      "name": "mx_records",
      "provider": "provider[\"registry.terraform.io/hashicorp/aws\"]",
      "instances": [
        {
          "index_key": "milanexcavating.com",
          "schema_version": 2,
          "attributes": {
            "alias": [],
            "allow_overwrite": null,
            "cidr_routing_policy": [],
            "failover_routing_policy": [],
            "fqdn": "milanexcavating.com",
            "geolocation_routing_policy": [],
            "geoproximity_routing_policy": [],
            "health_check_id": "",
            "id": "Z00467033LBPEJ7HVB4GF_milanexcavating.com_MX",
            "latency_routing_policy": [],
            "multivalue_answer_routing_policy": false,
            "name": "milanexcavating.com",
            "records": [
              "10 mx1.privateemail.com",
              "10 mx2.privateemail.com"
            ],
            "set_identifier": "",
            "ttl": 1,
            "type": "MX",
            "weighted_routing_policy": [],
            "zone_id": "Z00467033LBPEJ7HVB4GF"
          },
          "sensitive_attributes": [],
          "private": "eyJzY2hlbWFfdmVyc2lvbiI6IjIifQ==",
          "dependencies": [
            "aws_route53_zone.milan_excavating_com_prod"
          ]
        }
      ]
    },
    {
      "mode": "managed",
      "type": "aws_route53_record",
      "name": "txt_records",
      "provider": "provider[\"registry.terraform.io/hashicorp/aws\"]",
      "instances": [
        {
          "index_key": "milanexcavating.com",
          "schema_version": 2,
          "attributes": {
            "alias": [],
            "allow_overwrite": null,
            "cidr_routing_policy": [],
            "failover_routing_policy": [],
            "fqdn": "milanexcavating.com",
            "geolocation_routing_policy": [],
            "geoproximity_routing_policy": [],
            "health_check_id": "",
            "id": "Z00467033LBPEJ7HVB4GF_milanexcavating.com_TXT",
            "latency_routing_policy": [],
            "multivalue_answer_routing_policy": false,
            "name": "milanexcavating.com",
            "records": [
              "v=spf1 include:spf.privateemail.com ~all"
            ],
            "set_identifier": "",
            "ttl": 1,
            "type": "TXT",
            "weighted_routing_policy": [],
            "zone_id": "Z00467033LBPEJ7HVB4GF"
          },
          "sensitive_attributes": [],
          "private": "eyJzY2hlbWFfdmVyc2lvbiI6IjIifQ==",
          "dependencies": [
            "aws_route53_zone.milan_excavating_com_prod"
          ]
        }
      ]
    },
    {
      "mode": "managed",
      "type": "aws_route53_zone",
      "name": "milan_excavating_com_prod",
      "provider": "provider[\"registry.terraform.io/hashicorp/aws\"]",
      "instances": [
        {
          "schema_version": 0,
          "attributes": {
            "arn": "arn:aws:route53:::hostedzone/Z00467033LBPEJ7HVB4GF",
            "comment": "Managed by Terraform",
            "delegation_set_id": "",
            "force_destroy": true,
            "id": "Z00467033LBPEJ7HVB4GF",
            "name": "milanexcavating.com",
            "name_servers": [
              "ns-1080.awsdns-07.org",
              "ns-1981.awsdns-55.co.uk",
              "ns-64.awsdns-08.com",
              "ns-882.awsdns-46.net"
            ],
            "primary_name_server": "ns-1981.awsdns-55.co.uk",
            "tags": null,
            "tags_all": {},
            "vpc": [],
            "zone_id": "Z00467033LBPEJ7HVB4GF"
          },
          "sensitive_attributes": [],
          "private": "bnVsbA=="
        }
      ]
    },
    {
      "mode": "managed",
      "type": "aws_s3_bucket",
      "name": "milan_excavating_com_prod",
      "provider": "provider[\"registry.terraform.io/hashicorp/aws\"]",
      "instances": [
        {
          "schema_version": 0,
          "attributes": {
            "acceleration_status": "",
            "acl": null,
            "arn": "arn:aws:s3:::milan-excavting-com-prod",
            "bucket": "milan-excavting-com-prod",
            "bucket_domain_name": "milan-excavting-com-prod.s3.amazonaws.com",
            "bucket_prefix": "",
            "bucket_regional_domain_name": "milan-excavting-com-prod.s3.us-east-1.amazonaws.com",
            "cors_rule": [],
            "force_destroy": true,
            "grant": [
              {
                "id": "87dd05a3e5629c53ef2a1cebab8489a1a25062d497008029d403dd1564569cc6",
                "permissions": [
                  "FULL_CONTROL"
                ],
                "type": "CanonicalUser",
                "uri": ""
              }
            ],
            "hosted_zone_id": "Z3AQBSTGFYJSTF",
            "id": "milan-excavting-com-prod",
            "lifecycle_rule": [],
            "logging": [],
            "object_lock_configuration": [],
            "object_lock_enabled": false,
            "policy": "",
            "region": "us-east-1",
            "replication_configuration": [],
            "request_payer": "BucketOwner",
            "server_side_encryption_configuration": [
              {
                "rule": [
                  {
                    "apply_server_side_encryption_by_default": [
                      {
                        "kms_master_key_id": "",
                        "sse_algorithm": "AES256"
                      }
                    ],
                    "bucket_key_enabled": false
                  }
                ]
              }
            ],
            "tags": null,
            "tags_all": {},
            "timeouts": null,
            "versioning": [
              {
                "enabled": false,
                "mfa_delete": false
              }
            ],
            "website": [],
            "website_domain": null,
            "website_endpoint": null
          },
          "sensitive_attributes": [],
          "private": "eyJlMmJmYjczMC1lY2FhLTExZTYtOGY4OC0zNDM2M2JjN2M0YzAiOnsiY3JlYXRlIjoxMjAwMDAwMDAwMDAwLCJkZWxldGUiOjM2MDAwMDAwMDAwMDAsInJlYWQiOjEyMDAwMDAwMDAwMDAsInVwZGF0ZSI6MTIwMDAwMDAwMDAwMH19"
        }
      ]
    },
    {
      "mode": "managed",
      "type": "aws_s3_bucket_acl",
      "name": "milan_excavating_com_prod",
      "provider": "provider[\"registry.terraform.io/hashicorp/aws\"]",
      "instances": [
        {
          "schema_version": 0,
          "attributes": {
            "access_control_policy": [
              {
                "grant": [
                  {
                    "grantee": [
                      {
                        "display_name": "emilan+me-account",
                        "email_address": "",
                        "id": "87dd05a3e5629c53ef2a1cebab8489a1a25062d497008029d403dd1564569cc6",
                        "type": "CanonicalUser",
                        "uri": ""
                      }
                    ],
                    "permission": "FULL_CONTROL"
                  }
                ],
                "owner": [
                  {
                    "display_name": "emilan+me-account",
                    "id": "87dd05a3e5629c53ef2a1cebab8489a1a25062d497008029d403dd1564569cc6"
                  }
                ]
              }
            ],
            "acl": "private",
            "bucket": "milan-excavting-com-prod",
            "expected_bucket_owner": "",
            "id": "milan-excavting-com-prod,private"
          },
          "sensitive_attributes": [],
          "private": "bnVsbA==",
          "dependencies": [
            "aws_s3_bucket.milan_excavating_com_prod",
            "aws_s3_bucket_ownership_controls.milan_excavating_com_prod",
            "aws_s3_bucket_public_access_block.milan_excavating_com_prod"
          ]
        }
      ]
    },
    {
      "mode": "managed",
      "type": "aws_s3_bucket_ownership_controls",
      "name": "milan_excavating_com_prod",
      "provider": "provider[\"registry.terraform.io/hashicorp/aws\"]",
      "instances": [
        {
          "schema_version": 0,
          "attributes": {
            "bucket": "milan-excavting-com-prod",
            "id": "milan-excavting-com-prod",
            "rule": [
              {
                "object_ownership": "BucketOwnerPreferred"
              }
            ]
          },
          "sensitive_attributes": [],
          "private": "bnVsbA==",
          "dependencies": [
            "aws_s3_bucket.milan_excavating_com_prod"
          ]
        }
      ]
    },
    {
      "mode": "managed",
      "type": "aws_s3_bucket_policy",
      "name": "milan_excavating_com_prod",
      "provider": "provider[\"registry.terraform.io/hashicorp/aws\"]",
      "instances": [
        {
          "schema_version": 0,
          "attributes": {
            "bucket": "milan-excavting-com-prod",
            "id": "milan-excavting-com-prod",
            "policy": "{\"Statement\":[{\"Action\":\"s3:GetObject\",\"Effect\":\"Allow\",\"Principal\":\"*\",\"Resource\":\"arn:aws:s3:::milan-excavting-com-prod/*\",\"Sid\":\"PublicReadGetObject\"}],\"Version\":\"2012-10-17\"}"
          },
          "sensitive_attributes": [],
          "private": "bnVsbA==",
          "dependencies": [
            "aws_s3_bucket.milan_excavating_com_prod",
            "aws_s3_bucket_ownership_controls.milan_excavating_com_prod",
            "aws_s3_bucket_public_access_block.milan_excavating_com_prod"
          ]
        }
      ]
    },
    {
      "mode": "managed",
      "type": "aws_s3_bucket_public_access_block",
      "name": "milan_excavating_com_prod",
      "provider": "provider[\"registry.terraform.io/hashicorp/aws\"]",
      "instances": [
        {
          "schema_version": 0,
          "attributes": {
            "block_public_acls": true,
            "block_public_policy": true,
            "bucket": "milan-excavting-com-prod",
            "id": "milan-excavting-com-prod",
            "ignore_public_acls": true,
            "restrict_public_buckets": true
          },
          "sensitive_attributes": [],
          "private": "bnVsbA==",
          "dependencies": [
            "aws_s3_bucket.milan_excavating_com_prod"
          ]
        }
      ]
    },
    {
      "mode": "managed",
      "type": "aws_s3_bucket_website_configuration",
      "name": "milan_excavating_com_prod",
      "provider": "provider[\"registry.terraform.io/hashicorp/aws\"]",
      "instances": [
        {
          "schema_version": 0,
          "attributes": {
            "bucket": "milan-excavting-com-prod",
            "error_document": [
              {
                "key": "404.html"
              }
            ],
            "expected_bucket_owner": "",
            "id": "milan-excavting-com-prod",
            "index_document": [
              {
                "suffix": "index.html"
              }
            ],
            "redirect_all_requests_to": [],
            "routing_rule": [],
            "routing_rules": "",
            "website_domain": "s3-website-us-east-1.amazonaws.com",
            "website_endpoint": "milan-excavting-com-prod.s3-website-us-east-1.amazonaws.com"
          },
          "sensitive_attributes": [],
          "private": "bnVsbA==",
          "dependencies": [
            "aws_s3_bucket.milan_excavating_com_prod"
          ]
        }
      ]
    },
    {
      "mode": "managed",
      "type": "aws_sns_topic",
      "name": "cloudwatch_metric_alarms",
      "provider": "provider[\"registry.terraform.io/hashicorp/aws\"]",
      "instances": [
        {
          "schema_version": 0,
          "attributes": {
            "application_failure_feedback_role_arn": "",
            "application_success_feedback_role_arn": "",
            "application_success_feedback_sample_rate": 0,
            "archive_policy": "",
            "arn": "arn:aws:sns:us-east-1:585008089082:cloudwatch-metric-alarms",
            "beginning_archive_time": "",
            "content_based_deduplication": false,
            "delivery_policy": "",
            "display_name": "",
            "fifo_topic": false,
            "firehose_failure_feedback_role_arn": "",
            "firehose_success_feedback_role_arn": "",
            "firehose_success_feedback_sample_rate": 0,
            "http_failure_feedback_role_arn": "",
            "http_success_feedback_role_arn": "",
            "http_success_feedback_sample_rate": 0,
            "id": "arn:aws:sns:us-east-1:585008089082:cloudwatch-metric-alarms",
            "kms_master_key_id": "",
            "lambda_failure_feedback_role_arn": "",
            "lambda_success_feedback_role_arn": "",
            "lambda_success_feedback_sample_rate": 0,
            "name": "cloudwatch-metric-alarms",
            "name_prefix": "",
            "owner": "585008089082",
            "policy": "{\"Id\":\"__default_policy_ID\",\"Statement\":[{\"Action\":[\"SNS:GetTopicAttributes\",\"SNS:SetTopicAttributes\",\"SNS:AddPermission\",\"SNS:RemovePermission\",\"SNS:DeleteTopic\",\"SNS:Subscribe\",\"SNS:ListSubscriptionsByTopic\",\"SNS:Publish\"],\"Condition\":{\"StringEquals\":{\"AWS:SourceOwner\":\"585008089082\"}},\"Effect\":\"Allow\",\"Principal\":{\"AWS\":\"*\"},\"Resource\":\"arn:aws:sns:us-east-1:585008089082:cloudwatch-metric-alarms\",\"Sid\":\"__default_statement_ID\"}],\"Version\":\"2008-10-17\"}",
            "signature_version": 0,
            "sqs_failure_feedback_role_arn": "",
            "sqs_success_feedback_role_arn": "",
            "sqs_success_feedback_sample_rate": 0,
            "tags": null,
            "tags_all": {},
            "tracing_config": ""
          },
          "sensitive_attributes": [],
          "private": "bnVsbA=="
        }
      ]
    },
    {
      "mode": "managed",
      "type": "aws_sns_topic_policy",
      "name": "default",
      "provider": "provider[\"registry.terraform.io/hashicorp/aws\"]",
      "instances": [
        {
          "schema_version": 0,
          "attributes": {
            "arn": "arn:aws:sns:us-east-1:585008089082:cloudwatch-metric-alarms",
            "id": "arn:aws:sns:us-east-1:585008089082:cloudwatch-metric-alarms",
            "owner": "585008089082",
            "policy": "{\"Statement\":[{\"Action\":\"sns:Publish\",\"Effect\":\"Allow\",\"Principal\":{\"AWS\":\"*\"},\"Resource\":\"arn:aws:sns:us-east-1:585008089082:cloudwatch-metric-alarms\",\"Sid\":\"Allow CloudwatchEvents\"}],\"Version\":\"2012-10-17\"}"
          },
          "sensitive_attributes": [],
          "private": "bnVsbA==",
          "dependencies": [
            "aws_sns_topic.cloudwatch_metric_alarms",
            "data.aws_iam_policy_document.sns_topic_policy"
          ]
        }
      ]
    },
    {
      "mode": "managed",
      "type": "aws_sns_topic_subscription",
      "name": "cloudwatch_metric_alarms_email_target",
      "provider": "provider[\"registry.terraform.io/hashicorp/aws\"]",
      "instances": [
        {
          "schema_version": 0,
          "attributes": {
            "arn": "arn:aws:sns:us-east-1:585008089082:cloudwatch-metric-alarms:95642781-995a-4ee2-b2f3-42cc00513695",
            "confirmation_timeout_in_minutes": 1,
            "confirmation_was_authenticated": false,
            "delivery_policy": "",
            "endpoint": "emilan+cloudwatch-metric-alarms@milanexcavating.com",
            "endpoint_auto_confirms": false,
            "filter_policy": "",
            "filter_policy_scope": "",
            "id": "arn:aws:sns:us-east-1:585008089082:cloudwatch-metric-alarms:95642781-995a-4ee2-b2f3-42cc00513695",
            "owner_id": "585008089082",
            "pending_confirmation": true,
            "protocol": "email",
            "raw_message_delivery": false,
            "redrive_policy": "",
            "replay_policy": "",
            "subscription_role_arn": "",
            "topic_arn": "arn:aws:sns:us-east-1:585008089082:cloudwatch-metric-alarms"
          },
          "sensitive_attributes": [],
          "private": "bnVsbA==",
          "dependencies": [
            "aws_sns_topic.cloudwatch_metric_alarms"
          ]
        }
      ]
    },
    {
      "mode": "managed",
      "type": "aws_sns_topic_subscription",
      "name": "cloudwatch_metric_alarms_pagerduty_target",
      "provider": "provider[\"registry.terraform.io/hashicorp/aws\"]",
      "instances": [
        {
          "schema_version": 0,
          "attributes": {
            "arn": "arn:aws:sns:us-east-1:585008089082:cloudwatch-metric-alarms:fcbdec8e-8ae4-44bf-b365-9cff3b52965b",
            "confirmation_timeout_in_minutes": 1,
            "confirmation_was_authenticated": false,
            "delivery_policy": "",
            "endpoint": "https://events.pagerduty.com/integration/7da695445fb04d09c07491337b9e94ab/enqueue",
            "endpoint_auto_confirms": false,
            "filter_policy": "",
            "filter_policy_scope": "",
            "id": "arn:aws:sns:us-east-1:585008089082:cloudwatch-metric-alarms:fcbdec8e-8ae4-44bf-b365-9cff3b52965b",
            "owner_id": "585008089082",
            "pending_confirmation": true,
            "protocol": "https",
            "raw_message_delivery": false,
            "redrive_policy": "",
            "replay_policy": "",
            "subscription_role_arn": "",
            "topic_arn": "arn:aws:sns:us-east-1:585008089082:cloudwatch-metric-alarms"
          },
          "sensitive_attributes": [],
          "private": "bnVsbA==",
          "dependencies": [
            "aws_sns_topic.cloudwatch_metric_alarms"
          ]
        }
      ]
    }
  ],
  "check_results": null
}
